lockfileVersion: '9.0'

settings:
  autoInstallPeers: true
  excludeLinksFromLockfile: false

importers:

  .:
    dependencies:
      openai:
        specifier: ^6.8.1
        version: 6.8.1(zod@4.1.12)
      zod:
        specifier: ^4.1.12
        version: 4.1.12

packages:

  openai@6.8.1:
    resolution: {integrity: sha512-ACifslrVgf+maMz9vqwMP4+v9qvx5Yzssydizks8n+YUJ6YwUoxj51sKRQ8HYMfR6wgKLSIlaI108ZwCk+8yig==}
    hasBin: true
    peerDependencies:
      ws: ^8.18.0
      zod: ^3.25 || ^4.0
    peerDependenciesMeta:
      ws:
        optional: true
      zod:
        optional: true

  zod@4.1.12:
    resolution: {integrity: sha512-JInaHOamG8pt5+Ey8kGmdcAcg3OL9reK8ltczgHTAwNhMys/6ThXHityHxVV2p3fkw/c+MAvBHFVYHFZDmjMCQ==}

snapshots:

  openai@6.8.1(zod@4.1.12):
    optionalDependencies:
      zod: 4.1.12

  zod@4.1.12: {}
